
Microsoft Visual Studio Solution File, Format Version 12.00
# Visual Studio Version 17
VisualStudioVersion = 17.4.33205.214
MinimumVisualStudioVersion = 10.0.40219.1
Project("{FAE04EC0-301F-11D3-BF4B-00C04F79EFBC}") = "clase4", "clase4.csproj", "{CD1D62B2-8391-41B9-9508-E5FD8EADF326}"
EndProject
Global
	GlobalSection(SolutionConfigurationPlatforms) = preSolution
		Debug|Any CPU = Debug|Any CPU
		Release|Any CPU = Release|Any CPU
	EndGlobalSection
	GlobalSection(ProjectConfigurationPlatforms) = postSolution
		{CD1D62B2-8391-41B9-9508-E5FD8EADF326}.Debug|Any CPU.ActiveCfg = Debug|Any CPU
		{CD1D62B2-8391-41B9-9508-E5FD8EADF326}.Debug|Any CPU.Build.0 = Debug|Any CPU
		{CD1D62B2-8391-41B9-9508-E5FD8EADF326}.Release|Any CPU.ActiveCfg = Release|Any CPU
		{CD1D62B2-8391-41B9-9508-E5FD8EADF326}.Release|Any CPU.Build.0 = Release|Any CPU
	EndGlobalSection
	GlobalSection(SolutionProperties) = preSolution
		HideSolutionNode = FALSE
	EndGlobalSection
	GlobalSection(ExtensibilityGlobals) = postSolution
		SolutionGuid = {29F75CC4-E779-49F8-8579-213995C597A2}
	EndGlobalSection
EndGlobal
